// !$*UTF8*$!
{
	archiveVersion = 1;
	classes = {
	};
	objectVersion = 56;
	objects = {

/* Begin PBXBuildFile section */
		1660C07128F06709009A2E55 /* RoundPicks.swift in Sources */ = {isa = PBXBuildFile; fileRef = 1660C07028F06709009A2E55 /* RoundPicks.swift */; };
		960ED0D028EDAB3D00D54465 /* GoeringTropyContestApp.swift in Sources */ = {isa = PBXBuildFile; fileRef = 960ED0CF28EDAB3D00D54465 /* GoeringTropyContestApp.swift */; };
		960ED0D228EDAB3D00D54465 /* MatchTableView.swift in Sources */ = {isa = PBXBuildFile; fileRef = 960ED0D128EDAB3D00D54465 /* MatchTableView.swift */; };
		960ED0D428EDAB3E00D54465 /* Assets.xcassets in Resources */ = {isa = PBXBuildFile; fileRef = 960ED0D328EDAB3E00D54465 /* Assets.xcassets */; };
		960ED0D728EDAB3E00D54465 /* Preview Assets.xcassets in Resources */ = {isa = PBXBuildFile; fileRef = 960ED0D628EDAB3E00D54465 /* Preview Assets.xcassets */; };
		960ED0E128EDAB3E00D54465 /* GoeringTropyContestTests.swift in Sources */ = {isa = PBXBuildFile; fileRef = 960ED0E028EDAB3E00D54465 /* GoeringTropyContestTests.swift */; };
		960ED0EB28EDAB3E00D54465 /* GoeringTropyContestUITests.swift in Sources */ = {isa = PBXBuildFile; fileRef = 960ED0EA28EDAB3E00D54465 /* GoeringTropyContestUITests.swift */; };
		960ED0ED28EDAB3E00D54465 /* GoeringTropyContestUITestsLaunchTests.swift in Sources */ = {isa = PBXBuildFile; fileRef = 960ED0EC28EDAB3E00D54465 /* GoeringTropyContestUITestsLaunchTests.swift */; };
		960ED0FC28EDAC9500D54465 /* TeamView.swift in Sources */ = {isa = PBXBuildFile; fileRef = 960ED0FB28EDAC9500D54465 /* TeamView.swift */; };
		960ED0FE28EDACBC00D54465 /* Team.swift in Sources */ = {isa = PBXBuildFile; fileRef = 960ED0FD28EDACBC00D54465 /* Team.swift */; };
		960ED10028EDACEC00D54465 /* ConstantsAndNumbers.swift in Sources */ = {isa = PBXBuildFile; fileRef = 960ED0FF28EDACEC00D54465 /* ConstantsAndNumbers.swift */; };
		960ED10228EDAF9700D54465 /* Round64View.swift in Sources */ = {isa = PBXBuildFile; fileRef = 960ED10128EDAF9700D54465 /* Round64View.swift */; };
		960ED10428EDB70C00D54465 /* RegionRound1View.swift in Sources */ = {isa = PBXBuildFile; fileRef = 960ED10328EDB70C00D54465 /* RegionRound1View.swift */; };
		960ED10628EDB77F00D54465 /* Region.swift in Sources */ = {isa = PBXBuildFile; fileRef = 960ED10528EDB77F00D54465 /* Region.swift */; };
		960ED10828EDB84700D54465 /* TropyViewModel.swift in Sources */ = {isa = PBXBuildFile; fileRef = 960ED10728EDB84700D54465 /* TropyViewModel.swift */; };
		960ED10A28EDBFFF00D54465 /* BracketTable.swift in Sources */ = {isa = PBXBuildFile; fileRef = 960ED10928EDBFFF00D54465 /* BracketTable.swift */; };
		961958A22925084F0001360E /* RegionRound2View.swift in Sources */ = {isa = PBXBuildFile; fileRef = 961958A12925084F0001360E /* RegionRound2View.swift */; };
/* End PBXBuildFile section */

/* Begin PBXContainerItemProxy section */
		960ED0DD28EDAB3E00D54465 /* PBXContainerItemProxy */ = {
			isa = PBXContainerItemProxy;
			containerPortal = 960ED0C428EDAB3D00D54465 /* Project object */;
			proxyType = 1;
			remoteGlobalIDString = 960ED0CB28EDAB3D00D54465;
			remoteInfo = GoeringTropyContest;
		};
		960ED0E728EDAB3E00D54465 /* PBXContainerItemProxy */ = {
			isa = PBXContainerItemProxy;
			containerPortal = 960ED0C428EDAB3D00D54465 /* Project object */;
			proxyType = 1;
			remoteGlobalIDString = 960ED0CB28EDAB3D00D54465;
			remoteInfo = GoeringTropyContest;
		};
/* End PBXContainerItemProxy section */

/* Begin PBXFileReference section */
		1660C07028F06709009A2E55 /* RoundPicks.swift */ = {isa = PBXFileReference; lastKnownFileType = sourcecode.swift; path = RoundPicks.swift; sourceTree = "<group>"; };
		960ED0CC28EDAB3D00D54465 /* GoeringTropyContest.app */ = {isa = PBXFileReference; explicitFileType = wrapper.application; includeInIndex = 0; path = GoeringTropyContest.app; sourceTree = BUILT_PRODUCTS_DIR; };
		960ED0CF28EDAB3D00D54465 /* GoeringTropyContestApp.swift */ = {isa = PBXFileReference; lastKnownFileType = sourcecode.swift; path = GoeringTropyContestApp.swift; sourceTree = "<group>"; };
		960ED0D128EDAB3D00D54465 /* MatchTableView.swift */ = {isa = PBXFileReference; lastKnownFileType = sourcecode.swift; path = MatchTableView.swift; sourceTree = "<group>"; };
		960ED0D328EDAB3E00D54465 /* Assets.xcassets */ = {isa = PBXFileReference; lastKnownFileType = folder.assetcatalog; path = Assets.xcassets; sourceTree = "<group>"; };
		960ED0D628EDAB3E00D54465 /* Preview Assets.xcassets */ = {isa = PBXFileReference; lastKnownFileType = folder.assetcatalog; path = "Preview Assets.xcassets"; sourceTree = "<group>"; };
		960ED0DC28EDAB3E00D54465 /* GoeringTropyContestTests.xctest */ = {isa = PBXFileReference; explicitFileType = wrapper.cfbundle; includeInIndex = 0; path = GoeringTropyContestTests.xctest; sourceTree = BUILT_PRODUCTS_DIR; };
		960ED0E028EDAB3E00D54465 /* GoeringTropyContestTests.swift */ = {isa = PBXFileReference; lastKnownFileType = sourcecode.swift; path = GoeringTropyContestTests.swift; sourceTree = "<group>"; };
		960ED0E628EDAB3E00D54465 /* GoeringTropyContestUITests.xctest */ = {isa = PBXFileReference; explicitFileType = wrapper.cfbundle; includeInIndex = 0; path = GoeringTropyContestUITests.xctest; sourceTree = BUILT_PRODUCTS_DIR; };
		960ED0EA28EDAB3E00D54465 /* GoeringTropyContestUITests.swift */ = {isa = PBXFileReference; lastKnownFileType = sourcecode.swift; path = GoeringTropyContestUITests.swift; sourceTree = "<group>"; };
		960ED0EC28EDAB3E00D54465 /* GoeringTropyContestUITestsLaunchTests.swift */ = {isa = PBXFileReference; lastKnownFileType = sourcecode.swift; path = GoeringTropyContestUITestsLaunchTests.swift; sourceTree = "<group>"; };
		960ED0FB28EDAC9500D54465 /* TeamView.swift */ = {isa = PBXFileReference; lastKnownFileType = sourcecode.swift; path = TeamView.swift; sourceTree = "<group>"; };
		960ED0FD28EDACBC00D54465 /* Team.swift */ = {isa = PBXFileReference; lastKnownFileType = sourcecode.swift; path = Team.swift; sourceTree = "<group>"; };
		960ED0FF28EDACEC00D54465 /* ConstantsAndNumbers.swift */ = {isa = PBXFileReference; lastKnownFileType = sourcecode.swift; path = ConstantsAndNumbers.swift; sourceTree = "<group>"; };
		960ED10128EDAF9700D54465 /* Round64View.swift */ = {isa = PBXFileReference; lastKnownFileType = sourcecode.swift; path = Round64View.swift; sourceTree = "<group>"; };
		960ED10328EDB70C00D54465 /* RegionRound1View.swift */ = {isa = PBXFileReference; lastKnownFileType = sourcecode.swift; path = RegionRound1View.swift; sourceTree = "<group>"; };
		960ED10528EDB77F00D54465 /* Region.swift */ = {isa = PBXFileReference; lastKnownFileType = sourcecode.swift; path = Region.swift; sourceTree = "<group>"; };
		960ED10728EDB84700D54465 /* TropyViewModel.swift */ = {isa = PBXFileReference; lastKnownFileType = sourcecode.swift; path = TropyViewModel.swift; sourceTree = "<group>"; };
		960ED10928EDBFFF00D54465 /* BracketTable.swift */ = {isa = PBXFileReference; lastKnownFileType = sourcecode.swift; path = BracketTable.swift; sourceTree = "<group>"; };
		961958A12925084F0001360E /* RegionRound2View.swift */ = {isa = PBXFileReference; lastKnownFileType = sourcecode.swift; path = RegionRound2View.swift; sourceTree = "<group>"; };
/* End PBXFileReference section */

/* Begin PBXFrameworksBuildPhase section */
		960ED0C928EDAB3D00D54465 /* Frameworks */ = {
			isa = PBXFrameworksBuildPhase;
			buildActionMask = 2147483647;
			files = (
			);
			runOnlyForDeploymentPostprocessing = 0;
		};
		960ED0D928EDAB3E00D54465 /* Frameworks */ = {
			isa = PBXFrameworksBuildPhase;
			buildActionMask = 2147483647;
			files = (
			);
			runOnlyForDeploymentPostprocessing = 0;
		};
		960ED0E328EDAB3E00D54465 /* Frameworks */ = {
			isa = PBXFrameworksBuildPhase;
			buildActionMask = 2147483647;
			files = (
			);
			runOnlyForDeploymentPostprocessing = 0;
		};
/* End PBXFrameworksBuildPhase section */

/* Begin PBXGroup section */
		960ED0C328EDAB3D00D54465 = {
			isa = PBXGroup;
			children = (
				960ED0CE28EDAB3D00D54465 /* GoeringTropyContest */,
				960ED0DF28EDAB3E00D54465 /* GoeringTropyContestTests */,
				960ED0E928EDAB3E00D54465 /* GoeringTropyContestUITests */,
				960ED0CD28EDAB3D00D54465 /* Products */,
			);
			sourceTree = "<group>";
		};
		960ED0CD28EDAB3D00D54465 /* Products */ = {
			isa = PBXGroup;
			children = (
				960ED0CC28EDAB3D00D54465 /* GoeringTropyContest.app */,
				960ED0DC28EDAB3E00D54465 /* GoeringTropyContestTests.xctest */,
				960ED0E628EDAB3E00D54465 /* GoeringTropyContestUITests.xctest */,
			);
			name = Products;
			sourceTree = "<group>";
		};
		960ED0CE28EDAB3D00D54465 /* GoeringTropyContest */ = {
			isa = PBXGroup;
			children = (
				960ED0CF28EDAB3D00D54465 /* GoeringTropyContestApp.swift */,
				960ED0F928EDABB500D54465 /* Model */,
				960ED0FA28EDABC100D54465 /* Views */,
				960ED0D328EDAB3E00D54465 /* Assets.xcassets */,
				960ED0D528EDAB3E00D54465 /* Preview Content */,
			);
			path = GoeringTropyContest;
			sourceTree = "<group>";
		};
		960ED0D528EDAB3E00D54465 /* Preview Content */ = {
			isa = PBXGroup;
			children = (
				960ED0D628EDAB3E00D54465 /* Preview Assets.xcassets */,
			);
			path = "Preview Content";
			sourceTree = "<group>";
		};
		960ED0DF28EDAB3E00D54465 /* GoeringTropyContestTests */ = {
			isa = PBXGroup;
			children = (
				960ED0E028EDAB3E00D54465 /* GoeringTropyContestTests.swift */,
			);
			path = GoeringTropyContestTests;
			sourceTree = "<group>";
		};
		960ED0E928EDAB3E00D54465 /* GoeringTropyContestUITests */ = {
			isa = PBXGroup;
			children = (
				960ED0EA28EDAB3E00D54465 /* GoeringTropyContestUITests.swift */,
				960ED0EC28EDAB3E00D54465 /* GoeringTropyContestUITestsLaunchTests.swift */,
			);
			path = GoeringTropyContestUITests;
			sourceTree = "<group>";
		};
		960ED0F928EDABB500D54465 /* Model */ = {
			isa = PBXGroup;
			children = (
				960ED0FD28EDACBC00D54465 /* Team.swift */,
				960ED10528EDB77F00D54465 /* Region.swift */,
				1660C07028F06709009A2E55 /* RoundPicks.swift */,
				960ED0FF28EDACEC00D54465 /* ConstantsAndNumbers.swift */,
				960ED10928EDBFFF00D54465 /* BracketTable.swift */,
			);
			path = Model;
			sourceTree = "<group>";
		};
		960ED0FA28EDABC100D54465 /* Views */ = {
			isa = PBXGroup;
			children = (
				960ED0D128EDAB3D00D54465 /* MatchTableView.swift */,
				960ED10128EDAF9700D54465 /* Round64View.swift */,
				960ED0FB28EDAC9500D54465 /* TeamView.swift */,
				960ED10328EDB70C00D54465 /* RegionRound1View.swift */,
				961958A12925084F0001360E /* RegionRound2View.swift */,
				960ED10728EDB84700D54465 /* TropyViewModel.swift */,
			);
			path = Views;
			sourceTree = "<group>";
		};
/* End PBXGroup section */

/* Begin PBXNativeTarget section */
		960ED0CB28EDAB3D00D54465 /* GoeringTropyContest */ = {
			isa = PBXNativeTarget;
			buildConfigurationList = 960ED0F028EDAB3E00D54465 /* Build configuration list for PBXNativeTarget "GoeringTropyContest" */;
			buildPhases = (
				960ED0C828EDAB3D00D54465 /* Sources */,
				960ED0C928EDAB3D00D54465 /* Frameworks */,
				960ED0CA28EDAB3D00D54465 /* Resources */,
			);
			buildRules = (
			);
			dependencies = (
			);
			name = GoeringTropyContest;
			productName = GoeringTropyContest;
			productReference = 960ED0CC28EDAB3D00D54465 /* GoeringTropyContest.app */;
			productType = "com.apple.product-type.application";
		};
		960ED0DB28EDAB3E00D54465 /* GoeringTropyContestTests */ = {
			isa = PBXNativeTarget;
			buildConfigurationList = 960ED0F328EDAB3E00D54465 /* Build configuration list for PBXNativeTarget "GoeringTropyContestTests" */;
			buildPhases = (
				960ED0D828EDAB3E00D54465 /* Sources */,
				960ED0D928EDAB3E00D54465 /* Frameworks */,
				960ED0DA28EDAB3E00D54465 /* Resources */,
			);
			buildRules = (
			);
			dependencies = (
				960ED0DE28EDAB3E00D54465 /* PBXTargetDependency */,
			);
			name = GoeringTropyContestTests;
			productName = GoeringTropyContestTests;
			productReference = 960ED0DC28EDAB3E00D54465 /* GoeringTropyContestTests.xctest */;
			productType = "com.apple.product-type.bundle.unit-test";
		};
		960ED0E528EDAB3E00D54465 /* GoeringTropyContestUITests */ = {
			isa = PBXNativeTarget;
			buildConfigurationList = 960ED0F628EDAB3E00D54465 /* Build configuration list for PBXNativeTarget "GoeringTropyContestUITests" */;
			buildPhases = (
				960ED0E228EDAB3E00D54465 /* Sources */,
				960ED0E328EDAB3E00D54465 /* Frameworks */,
				960ED0E428EDAB3E00D54465 /* Resources */,
			);
			buildRules = (
			);
			dependencies = (
				960ED0E828EDAB3E00D54465 /* PBXTargetDependency */,
			);
			name = GoeringTropyContestUITests;
			productName = GoeringTropyContestUITests;
			productReference = 960ED0E628EDAB3E00D54465 /* GoeringTropyContestUITests.xctest */;
			productType = "com.apple.product-type.bundle.ui-testing";
		};
/* End PBXNativeTarget section */

/* Begin PBXProject section */
		960ED0C428EDAB3D00D54465 /* Project object */ = {
			isa = PBXProject;
			attributes = {
				BuildIndependentTargetsInParallel = 1;
				LastSwiftUpdateCheck = 1400;
				LastUpgradeCheck = 1400;
				TargetAttributes = {
					960ED0CB28EDAB3D00D54465 = {
						CreatedOnToolsVersion = 14.0.1;
					};
					960ED0DB28EDAB3E00D54465 = {
						CreatedOnToolsVersion = 14.0.1;
						TestTargetID = 960ED0CB28EDAB3D00D54465;
					};
					960ED0E528EDAB3E00D54465 = {
						CreatedOnToolsVersion = 14.0.1;
						TestTargetID = 960ED0CB28EDAB3D00D54465;
					};
				};
			};
			buildConfigurationList = 960ED0C728EDAB3D00D54465 /* Build configuration list for PBXProject "GoeringTropyContest" */;
			compatibilityVersion = "Xcode 14.0";
			developmentRegion = en;
			hasScannedForEncodings = 0;
			knownRegions = (
				en,
				Base,
			);
			mainGroup = 960ED0C328EDAB3D00D54465;
			productRefGroup = 960ED0CD28EDAB3D00D54465 /* Products */;
			projectDirPath = "";
			projectRoot = "";
			targets = (
				960ED0CB28EDAB3D00D54465 /* GoeringTropyContest */,
				960ED0DB28EDAB3E00D54465 /* GoeringTropyContestTests */,
				960ED0E528EDAB3E00D54465 /* GoeringTropyContestUITests */,
			);
		};
/* End PBXProject section */

/* Begin PBXResourcesBuildPhase section */
		960ED0CA28EDAB3D00D54465 /* Resources */ = {
			isa = PBXResourcesBuildPhase;
			buildActionMask = 2147483647;
			files = (
				960ED0D728EDAB3E00D54465 /* Preview Assets.xcassets in Resources */,
				960ED0D428EDAB3E00D54465 /* Assets.xcassets in Resources */,
			);
			runOnlyForDeploymentPostprocessing = 0;
		};
		960ED0DA28EDAB3E00D54465 /* Resources */ = {
			isa = PBXResourcesBuildPhase;
			buildActionMask = 2147483647;
			files = (
			);
			runOnlyForDeploymentPostprocessing = 0;
		};
		960ED0E428EDAB3E00D54465 /* Resources */ = {
			isa = PBXResourcesBuildPhase;
			buildActionMask = 2147483647;
			files = (
			);
			runOnlyForDeploymentPostprocessing = 0;
		};
/* End PBXResourcesBuildPhase section */

/* Begin PBXSourcesBuildPhase section */
		960ED0C828EDAB3D00D54465 /* Sources */ = {
			isa = PBXSourcesBuildPhase;
			buildActionMask = 2147483647;
			files = (
				960ED0FE28EDACBC00D54465 /* Team.swift in Sources */,
				960ED10228EDAF9700D54465 /* Round64View.swift in Sources */,
				1660C07128F06709009A2E55 /* RoundPicks.swift in Sources */,
				960ED0D228EDAB3D00D54465 /* MatchTableView.swift in Sources */,
				960ED10428EDB70C00D54465 /* RegionRound1View.swift in Sources */,
				960ED0D028EDAB3D00D54465 /* GoeringTropyContestApp.swift in Sources */,
				961958A22925084F0001360E /* RegionRound2View.swift in Sources */,
				960ED10028EDACEC00D54465 /* ConstantsAndNumbers.swift in Sources */,
				960ED0FC28EDAC9500D54465 /* TeamView.swift in Sources */,
				960ED10828EDB84700D54465 /* TropyViewModel.swift in Sources */,
				960ED10628EDB77F00D54465 /* Region.swift in Sources */,
				960ED10A28EDBFFF00D54465 /* BracketTable.swift in Sources */,
			);
			runOnlyForDeploymentPostprocessing = 0;
		};
		960ED0D828EDAB3E00D54465 /* Sources */ = {
			isa = PBXSourcesBuildPhase;
			buildActionMask = 2147483647;
			files = (
				960ED0E128EDAB3E00D54465 /* GoeringTropyContestTests.swift in Sources */,
			);
			runOnlyForDeploymentPostprocessing = 0;
		};
		960ED0E228EDAB3E00D54465 /* Sources */ = {
			isa = PBXSourcesBuildPhase;
			buildActionMask = 2147483647;
			files = (
				960ED0ED28EDAB3E00D54465 /* GoeringTropyContestUITestsLaunchTests.swift in Sources */,
				960ED0EB28EDAB3E00D54465 /* GoeringTropyContestUITests.swift in Sources */,
			);
			runOnlyForDeploymentPostprocessing = 0;
		};
/* End PBXSourcesBuildPhase section */

/* Begin PBXTargetDependency section */
		960ED0DE28EDAB3E00D54465 /* PBXTargetDependency */ = {
			isa = PBXTargetDependency;
			target = 960ED0CB28EDAB3D00D54465 /* GoeringTropyContest */;
			targetProxy = 960ED0DD28EDAB3E00D54465 /* PBXContainerItemProxy */;
		};
		960ED0E828EDAB3E00D54465 /* PBXTargetDependency */ = {
			isa = PBXTargetDependency;
			target = 960ED0CB28EDAB3D00D54465 /* GoeringTropyContest */;
			targetProxy = 960ED0E728EDAB3E00D54465 /* PBXContainerItemProxy */;
		};
/* End PBXTargetDependency section */

/* Begin XCBuildConfiguration section */
		960ED0EE28EDAB3E00D54465 /* Debug */ = {
			isa = XCBuildConfiguration;
			buildSettings = {
				ALWAYS_SEARCH_USER_PATHS = NO;
				CLANG_ANALYZER_NONNULL = YES;
				CLANG_ANALYZER_NUMBER_OBJECT_CONVERSION = YES_AGGRESSIVE;
				CLANG_CXX_LANGUAGE_STANDARD = "gnu++20";
				CLANG_ENABLE_MODULES = YES;
				CLANG_ENABLE_OBJC_ARC = YES;
				CLANG_ENABLE_OBJC_WEAK = YES;
				CLANG_WARN_BLOCK_CAPTURE_AUTORELEASING = YES;
				CLANG_WARN_BOOL_CONVERSION = YES;
				CLANG_WARN_COMMA = YES;
				CLANG_WARN_CONSTANT_CONVERSION = YES;
				CLANG_WARN_DEPRECATED_OBJC_IMPLEMENTATIONS = YES;
				CLANG_WARN_DIRECT_OBJC_ISA_USAGE = YES_ERROR;
				CLANG_WARN_DOCUMENTATION_COMMENTS = YES;
				CLANG_WARN_EMPTY_BODY = YES;
				CLANG_WARN_ENUM_CONVERSION = YES;
				CLANG_WARN_INFINITE_RECURSION = YES;
				CLANG_WARN_INT_CONVERSION = YES;
				CLANG_WARN_NON_LITERAL_NULL_CONVERSION = YES;
				CLANG_WARN_OBJC_IMPLICIT_RETAIN_SELF = YES;
				CLANG_WARN_OBJC_LITERAL_CONVERSION = YES;
				CLANG_WARN_OBJC_ROOT_CLASS = YES_ERROR;
				CLANG_WARN_QUOTED_INCLUDE_IN_FRAMEWORK_HEADER = YES;
				CLANG_WARN_RANGE_LOOP_ANALYSIS = YES;
				CLANG_WARN_STRICT_PROTOTYPES = YES;
				CLANG_WARN_SUSPICIOUS_MOVE = YES;
				CLANG_WARN_UNGUARDED_AVAILABILITY = YES_AGGRESSIVE;
				CLANG_WARN_UNREACHABLE_CODE = YES;
				CLANG_WARN__DUPLICATE_METHOD_MATCH = YES;
				COPY_PHASE_STRIP = NO;
				DEBUG_INFORMATION_FORMAT = dwarf;
				ENABLE_STRICT_OBJC_MSGSEND = YES;
				ENABLE_TESTABILITY = YES;
				GCC_C_LANGUAGE_STANDARD = gnu11;
				GCC_DYNAMIC_NO_PIC = NO;
				GCC_NO_COMMON_BLOCKS = YES;
				GCC_OPTIMIZATION_LEVEL = 0;
				GCC_PREPROCESSOR_DEFINITIONS = (
					"DEBUG=1",
					"$(inherited)",
				);
				GCC_WARN_64_TO_32_BIT_CONVERSION = YES;
				GCC_WARN_ABOUT_RETURN_TYPE = YES_ERROR;
				GCC_WARN_UNDECLARED_SELECTOR = YES;
				GCC_WARN_UNINITIALIZED_AUTOS = YES_AGGRESSIVE;
				GCC_WARN_UNUSED_FUNCTION = YES;
				GCC_WARN_UNUSED_VARIABLE = YES;
				IPHONEOS_DEPLOYMENT_TARGET = 16.0;
				MTL_ENABLE_DEBUG_INFO = INCLUDE_SOURCE;
				MTL_FAST_MATH = YES;
				ONLY_ACTIVE_ARCH = YES;
				SDKROOT = iphoneos;
				SWIFT_ACTIVE_COMPILATION_CONDITIONS = DEBUG;
				SWIFT_OPTIMIZATION_LEVEL = "-Onone";
			};
			name = Debug;
		};
		960ED0EF28EDAB3E00D54465 /* Release */ = {
			isa = XCBuildConfiguration;
			buildSettings = {
				ALWAYS_SEARCH_USER_PATHS = NO;
				CLANG_ANALYZER_NONNULL = YES;
				CLANG_ANALYZER_NUMBER_OBJECT_CONVERSION = YES_AGGRESSIVE;
				CLANG_CXX_LANGUAGE_STANDARD = "gnu++20";
				CLANG_ENABLE_MODULES = YES;
				CLANG_ENABLE_OBJC_ARC = YES;
				CLANG_ENABLE_OBJC_WEAK = YES;
				CLANG_WARN_BLOCK_CAPTURE_AUTORELEASING = YES;
				CLANG_WARN_BOOL_CONVERSION = YES;
				CLANG_WARN_COMMA = YES;
				CLANG_WARN_CONSTANT_CONVERSION = YES;
				CLANG_WARN_DEPRECATED_OBJC_IMPLEMENTATIONS = YES;
				CLANG_WARN_DIRECT_OBJC_ISA_USAGE = YES_ERROR;
				CLANG_WARN_DOCUMENTATION_COMMENTS = YES;
				CLANG_WARN_EMPTY_BODY = YES;
				CLANG_WARN_ENUM_CONVERSION = YES;
				CLANG_WARN_INFINITE_RECURSION = YES;
				CLANG_WARN_INT_CONVERSION = YES;
				CLANG_WARN_NON_LITERAL_NULL_CONVERSION = YES;
				CLANG_WARN_OBJC_IMPLICIT_RETAIN_SELF = YES;
				CLANG_WARN_OBJC_LITERAL_CONVERSION = YES;
				CLANG_WARN_OBJC_ROOT_CLASS = YES_ERROR;
				CLANG_WARN_QUOTED_INCLUDE_IN_FRAMEWORK_HEADER = YES;
				CLANG_WARN_RANGE_LOOP_ANALYSIS = YES;
				CLANG_WARN_STRICT_PROTOTYPES = YES;
				CLANG_WARN_SUSPICIOUS_MOVE = YES;
				CLANG_WARN_UNGUARDED_AVAILABILITY = YES_AGGRESSIVE;
				CLANG_WARN_UNREACHABLE_CODE = YES;
				CLANG_WARN__DUPLICATE_METHOD_MATCH = YES;
				COPY_PHASE_STRIP = NO;
				DEBUG_INFORMATION_FORMAT = "dwarf-with-dsym";
				ENABLE_NS_ASSERTIONS = NO;
				ENABLE_STRICT_OBJC_MSGSEND = YES;
				GCC_C_LANGUAGE_STANDARD = gnu11;
				GCC_NO_COMMON_BLOCKS = YES;
				GCC_WARN_64_TO_32_BIT_CONVERSION = YES;
				GCC_WARN_ABOUT_RETURN_TYPE = YES_ERROR;
				GCC_WARN_UNDECLARED_SELECTOR = YES;
				GCC_WARN_UNINITIALIZED_AUTOS = YES_AGGRESSIVE;
				GCC_WARN_UNUSED_FUNCTION = YES;
				GCC_WARN_UNUSED_VARIABLE = YES;
				IPHONEOS_DEPLOYMENT_TARGET = 16.0;
				MTL_ENABLE_DEBUG_INFO = NO;
				MTL_FAST_MATH = YES;
				SDKROOT = iphoneos;
				SWIFT_COMPILATION_MODE = wholemodule;
				SWIFT_OPTIMIZATION_LEVEL = "-O";
				VALIDATE_PRODUCT = YES;
			};
			name = Release;
		};
		960ED0F128EDAB3E00D54465 /* Debug */ = {
			isa = XCBuildConfiguration;
			buildSettings = {
				ASSETCATALOG_COMPILER_APPICON_NAME = AppIcon;
				ASSETCATALOG_COMPILER_GLOBAL_ACCENT_COLOR_NAME = AccentColor;
				CODE_SIGN_STYLE = Automatic;
				CURRENT_PROJECT_VERSION = 1;
				DEVELOPMENT_ASSET_PATHS = "\"GoeringTropyContest/Preview Content\"";
				DEVELOPMENT_TEAM = XAHCV8RVGN;
				ENABLE_PREVIEWS = YES;
				GENERATE_INFOPLIST_FILE = YES;
				INFOPLIST_KEY_UIApplicationSceneManifest_Generation = YES;
				INFOPLIST_KEY_UIApplicationSupportsIndirectInputEvents = YES;
				INFOPLIST_KEY_UILaunchScreen_Generation = YES;
				INFOPLIST_KEY_UISupportedInterfaceOrientations_iPad = "UIInterfaceOrientationPortrait UIInterfaceOrientationPortraitUpsideDown UIInterfaceOrientationLandscapeLeft UIInterfaceOrientationLandscapeRight";
				INFOPLIST_KEY_UISupportedInterfaceOrientations_iPhone = "UIInterfaceOrientationPortrait UIInterfaceOrientationLandscapeLeft UIInterfaceOrientationLandscapeRight";
				LD_RUNPATH_SEARCH_PATHS = (
					"$(inherited)",
					"@executable_path/Frameworks",
				);
				MARKETING_VERSION = 1.0;
				PRODUCT_BUNDLE_IDENTIFIER = com.stephi.GoeringTropyContest;
				PRODUCT_NAME = "$(TARGET_NAME)";
				SWIFT_EMIT_LOC_STRINGS = YES;
				SWIFT_VERSION = 5.0;
				TARGETED_DEVICE_FAMILY = "1,2";
			};
			name = Debug;
		};
		960ED0F228EDAB3E00D54465 /* Release */ = {
			isa = XCBuildConfiguration;
			buildSettings = {
				ASSETCATALOG_COMPILER_APPICON_NAME = AppIcon;
				ASSETCATALOG_COMPILER_GLOBAL_ACCENT_COLOR_NAME = AccentColor;
				CODE_SIGN_STYLE = Automatic;
				CURRENT_PROJECT_VERSION = 1;
				DEVELOPMENT_ASSET_PATHS = "\"GoeringTropyContest/Preview Content\"";
				DEVELOPMENT_TEAM = XAHCV8RVGN;
				ENABLE_PREVIEWS = YES;
				GENERATE_INFOPLIST_FILE = YES;
				INFOPLIST_KEY_UIApplicationSceneManifest_Generation = YES;
				INFOPLIST_KEY_UIApplicationSupportsIndirectInputEvents = YES;
				INFOPLIST_KEY_UILaunchScreen_Generation = YES;
				INFOPLIST_KEY_UISupportedInterfaceOrientations_iPad = "UIInterfaceOrientationPortrait UIInterfaceOrientationPortraitUpsideDown UIInterfaceOrientationLandscapeLeft UIInterfaceOrientationLandscapeRight";
				INFOPLIST_KEY_UISupportedInterfaceOrientations_iPhone = "UIInterfaceOrientationPortrait UIInterfaceOrientationLandscapeLeft UIInterfaceOrientationLandscapeRight";
				LD_RUNPATH_SEARCH_PATHS = (
					"$(inherited)",
					"@executable_path/Frameworks",
				);
				MARKETING_VERSION = 1.0;
				PRODUCT_BUNDLE_IDENTIFIER = com.stephi.GoeringTropyContest;
				PRODUCT_NAME = "$(TARGET_NAME)";
				SWIFT_EMIT_LOC_STRINGS = YES;
				SWIFT_VERSION = 5.0;
				TARGETED_DEVICE_FAMILY = "1,2";
			};
			name = Release;
		};
		960ED0F428EDAB3E00D54465 /* Debug */ = {
			isa = XCBuildConfiguration;
			buildSettings = {
				ALWAYS_EMBED_SWIFT_STANDARD_LIBRARIES = YES;
				BUNDLE_LOADER = "$(TEST_HOST)";
				CODE_SIGN_STYLE = Automatic;
				CURRENT_PROJECT_VERSION = 1;
				DEVELOPMENT_TEAM = M983XFD62J;
				GENERATE_INFOPLIST_FILE = YES;
				IPHONEOS_DEPLOYMENT_TARGET = 16.0;
				MARKETING_VERSION = 1.0;
				PRODUCT_BUNDLE_IDENTIFIER = com.stephi.GoeringTropyContestTests;
				PRODUCT_NAME = "$(TARGET_NAME)";
				SWIFT_EMIT_LOC_STRINGS = NO;
				SWIFT_VERSION = 5.0;
				TARGETED_DEVICE_FAMILY = "1,2";
				TEST_HOST = "$(BUILT_PRODUCTS_DIR)/GoeringTropyContest.app/$(BUNDLE_EXECUTABLE_FOLDER_PATH)/GoeringTropyContest";
			};
			name = Debug;
		};
		960ED0F528EDAB3E00D54465 /* Release */ = {
			isa = XCBuildConfiguration;
			buildSettings = {
				ALWAYS_EMBED_SWIFT_STANDARD_LIBRARIES = YES;
				BUNDLE_LOADER = "$(TEST_HOST)";
				CODE_SIGN_STYLE = Automatic;
				CURRENT_PROJECT_VERSION = 1;
				DEVELOPMENT_TEAM = M983XFD62J;
				GENERATE_INFOPLIST_FILE = YES;
				IPHONEOS_DEPLOYMENT_TARGET = 16.0;
				MARKETING_VERSION = 1.0;
				PRODUCT_BUNDLE_IDENTIFIER = com.stephi.GoeringTropyContestTests;
				PRODUCT_NAME = "$(TARGET_NAME)";
				SWIFT_EMIT_LOC_STRINGS = NO;
				SWIFT_VERSION = 5.0;
				TARGETED_DEVICE_FAMILY = "1,2";
				TEST_HOST = "$(BUILT_PRODUCTS_DIR)/GoeringTropyContest.app/$(BUNDLE_EXECUTABLE_FOLDER_PATH)/GoeringTropyContest";
			};
			name = Release;
		};
		960ED0F728EDAB3E00D54465 /* Debug */ = {
			isa = XCBuildConfiguration;
			buildSettings = {
				ALWAYS_EMBED_SWIFT_STANDARD_LIBRARIES = YES;
				CODE_SIGN_STYLE = Automatic;
				CURRENT_PROJECT_VERSION = 1;
				DEVELOPMENT_TEAM = M983XFD62J;
				GENERATE_INFOPLIST_FILE = YES;
				MARKETING_VERSION = 1.0;
				PRODUCT_BUNDLE_IDENTIFIER = com.stephi.GoeringTropyContestUITests;
				PRODUCT_NAME = "$(TARGET_NAME)";
				SWIFT_EMIT_LOC_STRINGS = NO;
				SWIFT_VERSION = 5.0;
				TARGETED_DEVICE_FAMILY = "1,2";
				TEST_TARGET_NAME = GoeringTropyContest;
			};
			name = Debug;
		};
		960ED0F828EDAB3E00D54465 /* Release */ = {
			isa = XCBuildConfiguration;
			buildSettings = {
				ALWAYS_EMBED_SWIFT_STANDARD_LIBRARIES = YES;
				CODE_SIGN_STYLE = Automatic;
				CURRENT_PROJECT_VERSION = 1;
				DEVELOPMENT_TEAM = M983XFD62J;
				GENERATE_INFOPLIST_FILE = YES;
				MARKETING_VERSION = 1.0;
				PRODUCT_BUNDLE_IDENTIFIER = com.stephi.GoeringTropyContestUITests;
				PRODUCT_NAME = "$(TARGET_NAME)";
				SWIFT_EMIT_LOC_STRINGS = NO;
				SWIFT_VERSION = 5.0;
				TARGETED_DEVICE_FAMILY = "1,2";
				TEST_TARGET_NAME = GoeringTropyContest;
			};
			name = Release;
		};
/* End XCBuildConfiguration section */

/* Begin XCConfigurationList section */
		960ED0C728EDAB3D00D54465 /* Build configuration list for PBXProject "GoeringTropyContest" */ = {
			isa = XCConfigurationList;
			buildConfigurations = (
				960ED0EE28EDAB3E00D54465 /* Debug */,
				960ED0EF28EDAB3E00D54465 /* Release */,
			);
			defaultConfigurationIsVisible = 0;
			defaultConfigurationName = Release;
		};
		960ED0F028EDAB3E00D54465 /* Build configuration list for PBXNativeTarget "GoeringTropyContest" */ = {
			isa = XCConfigurationList;
			buildConfigurations = (
				960ED0F128EDAB3E00D54465 /* Debug */,
				960ED0F228EDAB3E00D54465 /* Release */,
			);
			defaultConfigurationIsVisible = 0;
			defaultConfigurationName = Release;
		};
		960ED0F328EDAB3E00D54465 /* Build configuration list for PBXNativeTarget "GoeringTropyContestTests" */ = {
			isa = XCConfigurationList;
			buildConfigurations = (
				960ED0F428EDAB3E00D54465 /* Debug */,
				960ED0F528EDAB3E00D54465 /* Release */,
			);
			defaultConfigurationIsVisible = 0;
			defaultConfigurationName = Release;
		};
		960ED0F628EDAB3E00D54465 /* Build configuration list for PBXNativeTarget "GoeringTropyContestUITests" */ = {
			isa = XCConfigurationList;
			buildConfigurations = (
				960ED0F728EDAB3E00D54465 /* Debug */,
				960ED0F828EDAB3E00D54465 /* Release */,
			);
			defaultConfigurationIsVisible = 0;
			defaultConfigurationName = Release;
		};
/* End XCConfigurationList section */
	};
	rootObject = 960ED0C428EDAB3D00D54465 /* Project object */;
}
